
Microsoft Visual Studio Solution File, Format Version 12.00
# Visual Studio Version 16
VisualStudioVersion = 16.0.30611.23
MinimumVisualStudioVersion = 10.0.40219.1
Project("{FAE04EC0-301F-11D3-BF4B-00C04F79EFBC}") = "DiskSpaceMeter", "DiskSpaceMeter\DiskSpaceMeter.csproj", "{3CB1B088-A39E-40CA-93EB-971534A88803}"
EndProject
Global
	GlobalSection(SolutionConfigurationPlatforms) = preSolution
		Debug|Any CPU = Debug|Any CPU
		Release|Any CPU = Release|Any CPU
	EndGlobalSection
	GlobalSection(ProjectConfigurationPlatforms) = postSolution
		{3CB1B088-A39E-40CA-93EB-971534A88803}.Debug|Any CPU.ActiveCfg = Debug|Any CPU
		{3CB1B088-A39E-40CA-93EB-971534A88803}.Debug|Any CPU.Build.0 = Debug|Any CPU
		{3CB1B088-A39E-40CA-93EB-971534A88803}.Release|Any CPU.ActiveCfg = Release|Any CPU
		{3CB1B088-A39E-40CA-93EB-971534A88803}.Release|Any CPU.Build.0 = Release|Any CPU
	EndGlobalSection
	GlobalSection(SolutionProperties) = preSolution
		HideSolutionNode = FALSE
	EndGlobalSection
	GlobalSection(ExtensibilityGlobals) = postSolution
		SolutionGuid = {D8ECD001-2928-48CF-8ED0-7C8077FFB720}
	EndGlobalSection
EndGlobal
